// !$*UTF8*$!
{
	archiveVersion = 1;
	classes = {
	};
	objectVersion = 46;
	objects = {

/* Begin PBXBuildFile section */
		4F4A702E1B05177A004EE6EA /* RecordedAudio.swift in Sources */ = {isa = PBXBuildFile; fileRef = 4F4A702D1B05177A004EE6EA /* RecordedAudio.swift */; };
		4F6FA79C1B01076A00C057E4 /* PlaySoundsViewController.swift in Sources */ = {isa = PBXBuildFile; fileRef = 4F6FA79B1B01076A00C057E4 /* PlaySoundsViewController.swift */; };
		4F6FA7A21B01D6F100C057E4 /* AVFoundation.framework in Frameworks */ = {isa = PBXBuildFile; fileRef = 4F6FA7A11B01D6F100C057E4 /* AVFoundation.framework */; };
		4F7653C21B089AE6008BEB09 /* Localizable.strings in Resources */ = {isa = PBXBuildFile; fileRef = 4F7653C11B089AE6008BEB09 /* Localizable.strings */; };
		4FB91DF91AFE0A7800844606 /* AppDelegate.swift in Sources */ = {isa = PBXBuildFile; fileRef = 4FB91DF81AFE0A7800844606 /* AppDelegate.swift */; };
		4FB91DFB1AFE0A7800844606 /* RecordSoundsViewController.swift in Sources */ = {isa = PBXBuildFile; fileRef = 4FB91DFA1AFE0A7800844606 /* RecordSoundsViewController.swift */; };
		4FB91DFE1AFE0A7800844606 /* Main.storyboard in Resources */ = {isa = PBXBuildFile; fileRef = 4FB91DFC1AFE0A7800844606 /* Main.storyboard */; };
		4FB91E001AFE0A7800844606 /* Images.xcassets in Resources */ = {isa = PBXBuildFile; fileRef = 4FB91DFF1AFE0A7800844606 /* Images.xcassets */; };
		4FB91E031AFE0A7800844606 /* LaunchScreen.xib in Resources */ = {isa = PBXBuildFile; fileRef = 4FB91E011AFE0A7800844606 /* LaunchScreen.xib */; };
		4FB91E0F1AFE0A7800844606 /* Pitch_PerfectTests.swift in Sources */ = {isa = PBXBuildFile; fileRef = 4FB91E0E1AFE0A7800844606 /* Pitch_PerfectTests.swift */; };
/* End PBXBuildFile section */

/* Begin PBXContainerItemProxy section */
		4FB91E091AFE0A7800844606 /* PBXContainerItemProxy */ = {
			isa = PBXContainerItemProxy;
			containerPortal = 4FB91DEB1AFE0A7800844606 /* Project object */;
			proxyType = 1;
			remoteGlobalIDString = 4FB91DF21AFE0A7800844606;
			remoteInfo = "Pitch Perfect";
		};
/* End PBXContainerItemProxy section */

/* Begin PBXFileReference section */
		4F4A702D1B05177A004EE6EA /* RecordedAudio.swift */ = {isa = PBXFileReference; fileEncoding = 4; lastKnownFileType = sourcecode.swift; path = RecordedAudio.swift; sourceTree = "<group>"; };
		4F6FA79B1B01076A00C057E4 /* PlaySoundsViewController.swift */ = {isa = PBXFileReference; fileEncoding = 4; lastKnownFileType = sourcecode.swift; path = PlaySoundsViewController.swift; sourceTree = "<group>"; };
		4F6FA7A11B01D6F100C057E4 /* AVFoundation.framework */ = {isa = PBXFileReference; lastKnownFileType = wrapper.framework; name = AVFoundation.framework; path = System/Library/Frameworks/AVFoundation.framework; sourceTree = SDKROOT; };
		4F7653C11B089AE6008BEB09 /* Localizable.strings */ = {isa = PBXFileReference; fileEncoding = 4; lastKnownFileType = text.plist.strings; path = Localizable.strings; sourceTree = "<group>"; };
		4FB91DF31AFE0A7800844606 /* Pitch Perfect.app */ = {isa = PBXFileReference; explicitFileType = wrapper.application; includeInIndex = 0; path = "Pitch Perfect.app"; sourceTree = BUILT_PRODUCTS_DIR; };
		4FB91DF71AFE0A7800844606 /* Info.plist */ = {isa = PBXFileReference; lastKnownFileType = text.plist.xml; path = Info.plist; sourceTree = "<group>"; };
		4FB91DF81AFE0A7800844606 /* AppDelegate.swift */ = {isa = PBXFileReference; lastKnownFileType = sourcecode.swift; path = AppDelegate.swift; sourceTree = "<group>"; };
		4FB91DFA1AFE0A7800844606 /* RecordSoundsViewController.swift */ = {isa = PBXFileReference; lastKnownFileType = sourcecode.swift; path = RecordSoundsViewController.swift; sourceTree = "<group>"; };
		4FB91DFD1AFE0A7800844606 /* Base */ = {isa = PBXFileReference; lastKnownFileType = file.storyboard; name = Base; path = Base.lproj/Main.storyboard; sourceTree = "<group>"; };
		4FB91DFF1AFE0A7800844606 /* Images.xcassets */ = {isa = PBXFileReference; lastKnownFileType = folder.assetcatalog; path = Images.xcassets; sourceTree = "<group>"; };
		4FB91E021AFE0A7800844606 /* Base */ = {isa = PBXFileReference; lastKnownFileType = file.xib; name = Base; path = Base.lproj/LaunchScreen.xib; sourceTree = "<group>"; };
		4FB91E081AFE0A7800844606 /* Pitch PerfectTests.xctest */ = {isa = PBXFileReference; explicitFileType = wrapper.cfbundle; includeInIndex = 0; path = "Pitch PerfectTests.xctest"; sourceTree = BUILT_PRODUCTS_DIR; };
		4FB91E0D1AFE0A7800844606 /* Info.plist */ = {isa = PBXFileReference; lastKnownFileType = text.plist.xml; path = Info.plist; sourceTree = "<group>"; };
		4FB91E0E1AFE0A7800844606 /* Pitch_PerfectTests.swift */ = {isa = PBXFileReference; lastKnownFileType = sourcecode.swift; path = Pitch_PerfectTests.swift; sourceTree = "<group>"; };
/* End PBXFileReference section */

/* Begin PBXFrameworksBuildPhase section */
		4FB91DF01AFE0A7800844606 /* Frameworks */ = {
			isa = PBXFrameworksBuildPhase;
			buildActionMask = 2147483647;
			files = (
				4F6FA7A21B01D6F100C057E4 /* AVFoundation.framework in Frameworks */,
			);
			runOnlyForDeploymentPostprocessing = 0;
		};
		4FB91E051AFE0A7800844606 /* Frameworks */ = {
			isa = PBXFrameworksBuildPhase;
			buildActionMask = 2147483647;
			files = (
			);
			runOnlyForDeploymentPostprocessing = 0;
		};
/* End PBXFrameworksBuildPhase section */

/* Begin PBXGroup section */
		4FB91DEA1AFE0A7800844606 = {
			isa = PBXGroup;
			children = (
				4F6FA7A11B01D6F100C057E4 /* AVFoundation.framework */,
				4FB91DF51AFE0A7800844606 /* Pitch Perfect */,
				4FB91E0B1AFE0A7800844606 /* Pitch PerfectTests */,
				4FB91DF41AFE0A7800844606 /* Products */,
			);
			sourceTree = "<group>";
		};
		4FB91DF41AFE0A7800844606 /* Products */ = {
			isa = PBXGroup;
			children = (
				4FB91DF31AFE0A7800844606 /* Pitch Perfect.app */,
				4FB91E081AFE0A7800844606 /* Pitch PerfectTests.xctest */,
			);
			name = Products;
			sourceTree = "<group>";
		};
		4FB91DF51AFE0A7800844606 /* Pitch Perfect */ = {
			isa = PBXGroup;
			children = (
				4FB91DF81AFE0A7800844606 /* AppDelegate.swift */,
				4FB91DFA1AFE0A7800844606 /* RecordSoundsViewController.swift */,
				4F6FA79B1B01076A00C057E4 /* PlaySoundsViewController.swift */,
				4F4A702D1B05177A004EE6EA /* RecordedAudio.swift */,
				4FB91DFC1AFE0A7800844606 /* Main.storyboard */,
				4FB91DFF1AFE0A7800844606 /* Images.xcassets */,
				4FB91E011AFE0A7800844606 /* LaunchScreen.xib */,
				4FB91DF61AFE0A7800844606 /* Supporting Files */,
			);
			path = "Pitch Perfect";
			sourceTree = "<group>";
		};
		4FB91DF61AFE0A7800844606 /* Supporting Files */ = {
			isa = PBXGroup;
			children = (
				4FB91DF71AFE0A7800844606 /* Info.plist */,
				4F7653C11B089AE6008BEB09 /* Localizable.strings */,
			);
			name = "Supporting Files";
			sourceTree = "<group>";
		};
		4FB91E0B1AFE0A7800844606 /* Pitch PerfectTests */ = {
			isa = PBXGroup;
			children = (
				4FB91E0E1AFE0A7800844606 /* Pitch_PerfectTests.swift */,
				4FB91E0C1AFE0A7800844606 /* Supporting Files */,
			);
			path = "Pitch PerfectTests";
			sourceTree = "<group>";
		};
		4FB91E0C1AFE0A7800844606 /* Supporting Files */ = {
			isa = PBXGroup;
			children = (
				4FB91E0D1AFE0A7800844606 /* Info.plist */,
			);
			name = "Supporting Files";
			sourceTree = "<group>";
		};
/* End PBXGroup section */

/* Begin PBXNativeTarget section */
		4FB91DF21AFE0A7800844606 /* Pitch Perfect */ = {
			isa = PBXNativeTarget;
			buildConfigurationList = 4FB91E121AFE0A7800844606 /* Build configuration list for PBXNativeTarget "Pitch Perfect" */;
			buildPhases = (
				4FB91DEF1AFE0A7800844606 /* Sources */,
				4FB91DF01AFE0A7800844606 /* Frameworks */,
				4FB91DF11AFE0A7800844606 /* Resources */,
			);
			buildRules = (
			);
			dependencies = (
			);
			name = "Pitch Perfect";
			productName = "Pitch Perfect";
			productReference = 4FB91DF31AFE0A7800844606 /* Pitch Perfect.app */;
			productType = "com.apple.product-type.application";
		};
		4FB91E071AFE0A7800844606 /* Pitch PerfectTests */ = {
			isa = PBXNativeTarget;
			buildConfigurationList = 4FB91E151AFE0A7800844606 /* Build configuration list for PBXNativeTarget "Pitch PerfectTests" */;
			buildPhases = (
				4FB91E041AFE0A7800844606 /* Sources */,
				4FB91E051AFE0A7800844606 /* Frameworks */,
				4FB91E061AFE0A7800844606 /* Resources */,
			);
			buildRules = (
			);
			dependencies = (
				4FB91E0A1AFE0A7800844606 /* PBXTargetDependency */,
			);
			name = "Pitch PerfectTests";
			productName = "Pitch PerfectTests";
			productReference = 4FB91E081AFE0A7800844606 /* Pitch PerfectTests.xctest */;
			productType = "com.apple.product-type.bundle.unit-test";
		};
/* End PBXNativeTarget section */

/* Begin PBXProject section */
		4FB91DEB1AFE0A7800844606 /* Project object */ = {
			isa = PBXProject;
			attributes = {
				LastUpgradeCheck = 0630;
				ORGANIZATIONNAME = "Oliver Körber";
				TargetAttributes = {
					4FB91DF21AFE0A7800844606 = {
						CreatedOnToolsVersion = 6.3.1;
						DevelopmentTeam = UGN5BAP99N;
					};
					4FB91E071AFE0A7800844606 = {
						CreatedOnToolsVersion = 6.3.1;
						TestTargetID = 4FB91DF21AFE0A7800844606;
					};
				};
			};
			buildConfigurationList = 4FB91DEE1AFE0A7800844606 /* Build configuration list for PBXProject "Pitch Perfect" */;
			compatibilityVersion = "Xcode 3.2";
			developmentRegion = English;
			hasScannedForEncodings = 0;
			knownRegions = (
				en,
				Base,
			);
			mainGroup = 4FB91DEA1AFE0A7800844606;
			productRefGroup = 4FB91DF41AFE0A7800844606 /* Products */;
			projectDirPath = "";
			projectRoot = "";
			targets = (
				4FB91DF21AFE0A7800844606 /* Pitch Perfect */,
				4FB91E071AFE0A7800844606 /* Pitch PerfectTests */,
			);
		};
/* End PBXProject section */

/* Begin PBXResourcesBuildPhase section */
		4FB91DF11AFE0A7800844606 /* Resources */ = {
			isa = PBXResourcesBuildPhase;
			buildActionMask = 2147483647;
			files = (
				4FB91DFE1AFE0A7800844606 /* Main.storyboard in Resources */,
				4F7653C21B089AE6008BEB09 /* Localizable.strings in Resources */,
				4FB91E031AFE0A7800844606 /* LaunchScreen.xib in Resources */,
				4FB91E001AFE0A7800844606 /* Images.xcassets in Resources */,
			);
			runOnlyForDeploymentPostprocessing = 0;
		};
		4FB91E061AFE0A7800844606 /* Resources */ = {
			isa = PBXResourcesBuildPhase;
			buildActionMask = 2147483647;
			files = (
			);
			runOnlyForDeploymentPostprocessing = 0;
		};
/* End PBXResourcesBuildPhase section */

/* Begin PBXSourcesBuildPhase section */
		4FB91DEF1AFE0A7800844606 /* Sources */ = {
			isa = PBXSourcesBuildPhase;
			buildActionMask = 2147483647;
			files = (
				4F4A702E1B05177A004EE6EA /* RecordedAudio.swift in Sources */,
				4FB91DFB1AFE0A7800844606 /* RecordSoundsViewController.swift in Sources */,
				4F6FA79C1B01076A00C057E4 /* PlaySoundsViewController.swift in Sources */,
				4FB91DF91AFE0A7800844606 /* AppDelegate.swift in Sources */,
			);
			runOnlyForDeploymentPostprocessing = 0;
		};
		4FB91E041AFE0A7800844606 /* Sources */ = {
			isa = PBXSourcesBuildPhase;
			buildActionMask = 2147483647;
			files = (
				4FB91E0F1AFE0A7800844606 /* Pitch_PerfectTests.swift in Sources */,
			);
			runOnlyForDeploymentPostprocessing = 0;
		};
/* End PBXSourcesBuildPhase section */

/* Begin PBXTargetDependency section */
		4FB91E0A1AFE0A7800844606 /* PBXTargetDependency */ = {
			isa = PBXTargetDependency;
			target = 4FB91DF21AFE0A7800844606 /* Pitch Perfect */;
			targetProxy = 4FB91E091AFE0A7800844606 /* PBXContainerItemProxy */;
		};
/* End PBXTargetDependency section */

/* Begin PBXVariantGroup section */
		4FB91DFC1AFE0A7800844606 /* Main.storyboard */ = {
			isa = PBXVariantGroup;
			children = (
				4FB91DFD1AFE0A7800844606 /* Base */,
			);
			name = Main.storyboard;
			sourceTree = "<group>";
		};
		4FB91E011AFE0A7800844606 /* LaunchScreen.xib */ = {
			isa = PBXVariantGroup;
			children = (
				4FB91E021AFE0A7800844606 /* Base */,
			);
			name = LaunchScreen.xib;
			sourceTree = "<group>";
		};
/* End PBXVariantGroup section */

/* Begin XCBuildConfiguration section */
		4FB91E101AFE0A7800844606 /* Debug */ = {
			isa = XCBuildConfiguration;
			buildSettings = {
				ALWAYS_SEARCH_USER_PATHS = NO;
				CLANG_CXX_LANGUAGE_STANDARD = "gnu++0x";
				CLANG_CXX_LIBRARY = "libc++";
				CLANG_ENABLE_MODULES = YES;
				CLANG_ENABLE_OBJC_ARC = YES;
				CLANG_WARN_BOOL_CONVERSION = YES;
				CLANG_WARN_CONSTANT_CONVERSION = YES;
				CLANG_WARN_DIRECT_OBJC_ISA_USAGE = YES_ERROR;
				CLANG_WARN_EMPTY_BODY = YES;
				CLANG_WARN_ENUM_CONVERSION = YES;
				CLANG_WARN_INT_CONVERSION = YES;
				CLANG_WARN_OBJC_ROOT_CLASS = YES_ERROR;
				CLANG_WARN_UNREACHABLE_CODE = YES;
				CLANG_WARN__DUPLICATE_METHOD_MATCH = YES;
				"CODE_SIGN_IDENTITY[sdk=iphoneos*]" = "iPhone Developer";
				COPY_PHASE_STRIP = NO;
				DEBUG_INFORMATION_FORMAT = "dwarf-with-dsym";
				ENABLE_STRICT_OBJC_MSGSEND = YES;
				GCC_C_LANGUAGE_STANDARD = gnu99;
				GCC_DYNAMIC_NO_PIC = NO;
				GCC_NO_COMMON_BLOCKS = YES;
				GCC_OPTIMIZATION_LEVEL = 0;
				GCC_PREPROCESSOR_DEFINITIONS = (
					"DEBUG=1",
					"$(inherited)",
				);
				GCC_SYMBOLS_PRIVATE_EXTERN = NO;
				GCC_WARN_64_TO_32_BIT_CONVERSION = YES;
				GCC_WARN_ABOUT_RETURN_TYPE = YES_ERROR;
				GCC_WARN_UNDECLARED_SELECTOR = YES;
				GCC_WARN_UNINITIALIZED_AUTOS = YES_AGGRESSIVE;
				GCC_WARN_UNUSED_FUNCTION = YES;
				GCC_WARN_UNUSED_VARIABLE = YES;
				IPHONEOS_DEPLOYMENT_TARGET = 8.3;
				MTL_ENABLE_DEBUG_INFO = YES;
				ONLY_ACTIVE_ARCH = YES;
				SDKROOT = iphoneos;
				SWIFT_OPTIMIZATION_LEVEL = "-Onone";
			};
			name = Debug;
		};
		4FB91E111AFE0A7800844606 /* Release */ = {
			isa = XCBuildConfiguration;
			buildSettings = {
				ALWAYS_SEARCH_USER_PATHS = NO;
				CLANG_CXX_LANGUAGE_STANDARD = "gnu++0x";
				CLANG_CXX_LIBRARY = "libc++";
				CLANG_ENABLE_MODULES = YES;
				CLANG_ENABLE_OBJC_ARC = YES;
				CLANG_WARN_BOOL_CONVERSION = YES;
				CLANG_WARN_CONSTANT_CONVERSION = YES;
				CLANG_WARN_DIRECT_OBJC_ISA_USAGE = YES_ERROR;
				CLANG_WARN_EMPTY_BODY = YES;
				CLANG_WARN_ENUM_CONVERSION = YES;
				CLANG_WARN_INT_CONVERSION = YES;
				CLANG_WARN_OBJC_ROOT_CLASS = YES_ERROR;
				CLANG_WARN_UNREACHABLE_CODE = YES;
				CLANG_WARN__DUPLICATE_METHOD_MATCH = YES;
				"CODE_SIGN_IDENTITY[sdk=iphoneos*]" = "iPhone Developer";
				COPY_PHASE_STRIP = NO;
				DEBUG_INFORMATION_FORMAT = "dwarf-with-dsym";
				ENABLE_NS_ASSERTIONS = NO;
				ENABLE_STRICT_OBJC_MSGSEND = YES;
				GCC_C_LANGUAGE_STANDARD = gnu99;
				GCC_NO_COMMON_BLOCKS = YES;
				GCC_WARN_64_TO_32_BIT_CONVERSION = YES;
				GCC_WARN_ABOUT_RETURN_TYPE = YES_ERROR;
				GCC_WARN_UNDECLARED_SELECTOR = YES;
				GCC_WARN_UNINITIALIZED_AUTOS = YES_AGGRESSIVE;
				GCC_WARN_UNUSED_FUNCTION = YES;
				GCC_WARN_UNUSED_VARIABLE = YES;
				IPHONEOS_DEPLOYMENT_TARGET = 8.3;
				MTL_ENABLE_DEBUG_INFO = NO;
				SDKROOT = iphoneos;
				VALIDATE_PRODUCT = YES;
			};
			name = Release;
		};
		4FB91E131AFE0A7800844606 /* Debug */ = {
			isa = XCBuildConfiguration;
			buildSettings = {
				ASSETCATALOG_COMPILER_APPICON_NAME = AppIcon;
				CODE_SIGN_IDENTITY = "iPhone Developer";
				INFOPLIST_FILE = "Pitch Perfect/Info.plist";
				LD_RUNPATH_SEARCH_PATHS = "$(inherited) @executable_path/Frameworks";
				PRODUCT_NAME = "$(TARGET_NAME)";
			};
			name = Debug;
		};
		4FB91E141AFE0A7800844606 /* Release */ = {
			isa = XCBuildConfiguration;
			buildSettings = {
				ASSETCATALOG_COMPILER_APPICON_NAME = AppIcon;
				CODE_SIGN_IDENTITY = "iPhone Developer";
				INFOPLIST_FILE = "Pitch Perfect/Info.plist";
				LD_RUNPATH_SEARCH_PATHS = "$(inherited) @executable_path/Frameworks";
				PRODUCT_NAME = "$(TARGET_NAME)";
			};
			name = Release;
		};
		4FB91E161AFE0A7800844606 /* Debug */ = {
			isa = XCBuildConfiguration;
			buildSettings = {
				BUNDLE_LOADER = "$(TEST_HOST)";
				FRAMEWORK_SEARCH_PATHS = (
					"$(SDKROOT)/Developer/Library/Frameworks",
					"$(inherited)",
				);
				GCC_PREPROCESSOR_DEFINITIONS = (
					"DEBUG=1",
					"$(inherited)",
				);
				INFOPLIST_FILE = "Pitch PerfectTests/Info.plist";
				LD_RUNPATH_SEARCH_PATHS = "$(inherited) @executable_path/Frameworks @loader_path/Frameworks";
				PRODUCT_NAME = "$(TARGET_NAME)";
				TEST_HOST = "$(BUILT_PRODUCTS_DIR)/Pitch Perfect.app/Pitch Perfect";
			};
			name = Debug;
		};
		4FB91E171AFE0A7800844606 /* Release */ = {
			isa = XCBuildConfiguration;
			buildSettings = {
				BUNDLE_LOADER = "$(TEST_HOST)";
				FRAMEWORK_SEARCH_PATHS = (
					"$(SDKROOT)/Developer/Library/Frameworks",
					"$(inherited)",
				);
				INFOPLIST_FILE = "Pitch PerfectTests/Info.plist";
				LD_RUNPATH_SEARCH_PATHS = "$(inherited) @executable_path/Frameworks @loader_path/Frameworks";
				PRODUCT_NAME = "$(TARGET_NAME)";
				TEST_HOST = "$(BUILT_PRODUCTS_DIR)/Pitch Perfect.app/Pitch Perfect";
			};
			name = Release;
		};
/* End XCBuildConfiguration section */

/* Begin XCConfigurationList section */
		4FB91DEE1AFE0A7800844606 /* Build configuration list for PBXProject "Pitch Perfect" */ = {
			isa = XCConfigurationList;
			buildConfigurations = (
				4FB91E101AFE0A7800844606 /* Debug */,
				4FB91E111AFE0A7800844606 /* Release */,
			);
			defaultConfigurationIsVisible = 0;
			defaultConfigurationName = Release;
		};
		4FB91E121AFE0A7800844606 /* Build configuration list for PBXNativeTarget "Pitch Perfect" */ = {
			isa = XCConfigurationList;
			buildConfigurations = (
				4FB91E131AFE0A7800844606 /* Debug */,
				4FB91E141AFE0A7800844606 /* Release */,
			);
			defaultConfigurationIsVisible = 0;
			defaultConfigurationName = Release;
		};
		4FB91E151AFE0A7800844606 /* Build configuration list for PBXNativeTarget "Pitch PerfectTests" */ = {
			isa = XCConfigurationList;
			buildConfigurations = (
				4FB91E161AFE0A7800844606 /* Debug */,
				4FB91E171AFE0A7800844606 /* Release */,
			);
			defaultConfigurationIsVisible = 0;
			defaultConfigurationName = Release;
		};
/* End XCConfigurationList section */
	};
	rootObject = 4FB91DEB1AFE0A7800844606 /* Project object */;
}
